
Microsoft Visual Studio Solution File, Format Version 12.00
# Visual Studio Version 16
VisualStudioVersion = 16.0.31702.278
MinimumVisualStudioVersion = 10.0.40219.1
Project("{FAE04EC0-301F-11D3-BF4B-00C04F79EFBC}") = "CouponNumbers", "CoupenNumbers\CouponNumbers.csproj", "{24A3720E-74C7-4A7A-805A-2C85BA159F7A}"
EndProject
Global
	GlobalSection(SolutionConfigurationPlatforms) = preSolution
		Debug|Any CPU = Debug|Any CPU
		Release|Any CPU = Release|Any CPU
	EndGlobalSection
	GlobalSection(ProjectConfigurationPlatforms) = postSolution
		{24A3720E-74C7-4A7A-805A-2C85BA159F7A}.Debug|Any CPU.ActiveCfg = Debug|Any CPU
		{24A3720E-74C7-4A7A-805A-2C85BA159F7A}.Debug|Any CPU.Build.0 = Debug|Any CPU
		{24A3720E-74C7-4A7A-805A-2C85BA159F7A}.Release|Any CPU.ActiveCfg = Release|Any CPU
		{24A3720E-74C7-4A7A-805A-2C85BA159F7A}.Release|Any CPU.Build.0 = Release|Any CPU
	EndGlobalSection
	GlobalSection(SolutionProperties) = preSolution
		HideSolutionNode = FALSE
	EndGlobalSection
	GlobalSection(ExtensibilityGlobals) = postSolution
		SolutionGuid = {BD6C8D5D-46BA-4738-9805-DD7F231F98E2}
	EndGlobalSection
EndGlobal
