
Microsoft Visual Studio Solution File, Format Version 12.00
# Visual Studio Version 16
VisualStudioVersion = 16.0.31702.278
MinimumVisualStudioVersion = 10.0.40219.1
Project("{FAE04EC0-301F-11D3-BF4B-00C04F79EFBC}") = "StopWatch", "StopWatch\StopWatch.csproj", "{41CF52D1-73B0-4DAF-AB8C-4BCB7FF5EA7D}"
EndProject
Global
	GlobalSection(SolutionConfigurationPlatforms) = preSolution
		Debug|Any CPU = Debug|Any CPU
		Release|Any CPU = Release|Any CPU
	EndGlobalSection
	GlobalSection(ProjectConfigurationPlatforms) = postSolution
		{41CF52D1-73B0-4DAF-AB8C-4BCB7FF5EA7D}.Debug|Any CPU.ActiveCfg = Debug|Any CPU
		{41CF52D1-73B0-4DAF-AB8C-4BCB7FF5EA7D}.Debug|Any CPU.Build.0 = Debug|Any CPU
		{41CF52D1-73B0-4DAF-AB8C-4BCB7FF5EA7D}.Release|Any CPU.ActiveCfg = Release|Any CPU
		{41CF52D1-73B0-4DAF-AB8C-4BCB7FF5EA7D}.Release|Any CPU.Build.0 = Release|Any CPU
	EndGlobalSection
	GlobalSection(SolutionProperties) = preSolution
		HideSolutionNode = FALSE
	EndGlobalSection
	GlobalSection(ExtensibilityGlobals) = postSolution
		SolutionGuid = {52790518-62DF-4A08-9F79-8D72EB33605C}
	EndGlobalSection
EndGlobal
