
Microsoft Visual Studio Solution File, Format Version 12.00
# Visual Studio Version 16
VisualStudioVersion = 16.0.31702.278
MinimumVisualStudioVersion = 10.0.40219.1
Project("{FAE04EC0-301F-11D3-BF4B-00C04F79EFBC}") = "FibonacciSeries", "FibonacciSeries\FibonacciSeries.csproj", "{A6B82516-839F-4D35-8568-8A2F9D714C57}"
EndProject
Global
	GlobalSection(SolutionConfigurationPlatforms) = preSolution
		Debug|Any CPU = Debug|Any CPU
		Release|Any CPU = Release|Any CPU
	EndGlobalSection
	GlobalSection(ProjectConfigurationPlatforms) = postSolution
		{A6B82516-839F-4D35-8568-8A2F9D714C57}.Debug|Any CPU.ActiveCfg = Debug|Any CPU
		{A6B82516-839F-4D35-8568-8A2F9D714C57}.Debug|Any CPU.Build.0 = Debug|Any CPU
		{A6B82516-839F-4D35-8568-8A2F9D714C57}.Release|Any CPU.ActiveCfg = Release|Any CPU
		{A6B82516-839F-4D35-8568-8A2F9D714C57}.Release|Any CPU.Build.0 = Release|Any CPU
	EndGlobalSection
	GlobalSection(SolutionProperties) = preSolution
		HideSolutionNode = FALSE
	EndGlobalSection
	GlobalSection(ExtensibilityGlobals) = postSolution
		SolutionGuid = {C19B2059-B537-4AFE-B99C-3A5D7E1E4FC1}
	EndGlobalSection
EndGlobal
